
Microsoft Visual Studio Solution File, Format Version 12.00
# Visual Studio Version 16
VisualStudioVersion = 16.0.28803.452
MinimumVisualStudioVersion = 10.0.40219.1
Project("{9A19103F-16F7-4668-BE54-9A1E7A4F7556}") = "UnitTests", "UnitTests\UnitTests.csproj", "{D167F0FA-9CED-434A-8DDF-022E25BB1F94}"
EndProject
Project("{9A19103F-16F7-4668-BE54-9A1E7A4F7556}") = "PerformanceComparison", "PerformanceComparison\PerformanceComparison.csproj", "{8998033C-D33D-4337-8D49-355200FCC717}"
EndProject
Project("{FAE04EC0-301F-11D3-BF4B-00C04F79EFBC}") = "BinaryMemoryReaderWriter", "BinaryMemoryReaderWriter\BinaryMemoryReaderWriter.csproj", "{4AA77333-24EA-4839-9A87-A25A752B9D95}"
EndProject
Global
	GlobalSection(SolutionConfigurationPlatforms) = preSolution
		Debug|Any CPU = Debug|Any CPU
		Release|Any CPU = Release|Any CPU
	EndGlobalSection
	GlobalSection(ProjectConfigurationPlatforms) = postSolution
		{D167F0FA-9CED-434A-8DDF-022E25BB1F94}.Debug|Any CPU.ActiveCfg = Debug|Any CPU
		{D167F0FA-9CED-434A-8DDF-022E25BB1F94}.Debug|Any CPU.Build.0 = Debug|Any CPU
		{D167F0FA-9CED-434A-8DDF-022E25BB1F94}.Release|Any CPU.ActiveCfg = Release|Any CPU
		{D167F0FA-9CED-434A-8DDF-022E25BB1F94}.Release|Any CPU.Build.0 = Release|Any CPU
		{8998033C-D33D-4337-8D49-355200FCC717}.Debug|Any CPU.ActiveCfg = Debug|Any CPU
		{8998033C-D33D-4337-8D49-355200FCC717}.Debug|Any CPU.Build.0 = Debug|Any CPU
		{8998033C-D33D-4337-8D49-355200FCC717}.Release|Any CPU.ActiveCfg = Release|Any CPU
		{8998033C-D33D-4337-8D49-355200FCC717}.Release|Any CPU.Build.0 = Release|Any CPU
		{4AA77333-24EA-4839-9A87-A25A752B9D95}.Debug|Any CPU.ActiveCfg = Debug|Any CPU
		{4AA77333-24EA-4839-9A87-A25A752B9D95}.Debug|Any CPU.Build.0 = Debug|Any CPU
		{4AA77333-24EA-4839-9A87-A25A752B9D95}.Release|Any CPU.ActiveCfg = Release|Any CPU
		{4AA77333-24EA-4839-9A87-A25A752B9D95}.Release|Any CPU.Build.0 = Release|Any CPU
	EndGlobalSection
	GlobalSection(SolutionProperties) = preSolution
		HideSolutionNode = FALSE
	EndGlobalSection
	GlobalSection(ExtensibilityGlobals) = postSolution
		SolutionGuid = {348C11C8-7598-403A-9E84-7267EAAF755B}
	EndGlobalSection
EndGlobal
